<?xml version="1.0" encoding="UTF-8" standalone="yes" ?>
<CodeBlocks_project_file>
	<FileVersion major="1" minor="6" />
	<Project>
		<Option title="conan_combat" />
		<Option pch_mode="2" />
		<Option compiler="gcc" />
		<Build>
			<Target title="Debug">
				<Option output=".\conan_combat" prefix_auto="1" extension_auto="1" />
				<Option object_output="obj\Debug\" />
				<Option type="1" />
				<Option compiler="gcc" />
				<Compiler>
					<Add option="-march=k8" />
					<Add option="-g" />
				</Compiler>
				<Linker>
					<Add library="D:\Boost\lib\libboost_date_time-mgw34-mt.lib" />
					<Add library="D:\Boost\lib\libboost_date_time-mgw34-mt-1_42.lib" />
					<Add library="D:\Boost\lib\libboost_date_time-mgw34-mt-d.lib" />
					<Add library="D:\Boost\lib\libboost_date_time-mgw34-mt-d-1_42.lib" />
					<Add library="D:\Boost\lib\libboost_filesystem-mgw34-mt.lib" />
					<Add library="D:\Boost\lib\libboost_filesystem-mgw34-mt-1_42.lib" />
					<Add library="D:\Boost\lib\libboost_filesystem-mgw34-mt-d.lib" />
					<Add library="D:\Boost\lib\libboost_filesystem-mgw34-mt-d-1_42.lib" />
					<Add library="D:\Boost\lib\libboost_iostreams-mgw34-mt.lib" />
					<Add library="D:\Boost\lib\libboost_iostreams-mgw34-mt-1_42.lib" />
					<Add library="D:\Boost\lib\libboost_iostreams-mgw34-mt-d.lib" />
					<Add library="D:\Boost\lib\libboost_iostreams-mgw34-mt-d-1_42.lib" />
					<Add library="D:\Boost\lib\libboost_math_c99f-mgw34-mt.lib" />
					<Add library="D:\Boost\lib\libboost_math_c99f-mgw34-mt-1_42.lib" />
					<Add library="D:\Boost\lib\libboost_math_c99f-mgw34-mt-d.lib" />
					<Add library="D:\Boost\lib\libboost_math_c99f-mgw34-mt-d-1_42.lib" />
					<Add library="D:\Boost\lib\libboost_math_c99l-mgw34-mt.lib" />
					<Add library="D:\Boost\lib\libboost_math_c99l-mgw34-mt-1_42.lib" />
					<Add library="D:\Boost\lib\libboost_math_c99l-mgw34-mt-d.lib" />
					<Add library="D:\Boost\lib\libboost_math_c99l-mgw34-mt-d-1_42.lib" />
					<Add library="D:\Boost\lib\libboost_math_c99-mgw34-mt.lib" />
					<Add library="D:\Boost\lib\libboost_math_c99-mgw34-mt-1_42.lib" />
					<Add library="D:\Boost\lib\libboost_math_c99-mgw34-mt-d.lib" />
					<Add library="D:\Boost\lib\libboost_math_c99-mgw34-mt-d-1_42.lib" />
					<Add library="D:\Boost\lib\libboost_math_tr1f-mgw34-mt.lib" />
					<Add library="D:\Boost\lib\libboost_math_tr1f-mgw34-mt-1_42.lib" />
					<Add library="D:\Boost\lib\libboost_math_tr1f-mgw34-mt-d.lib" />
					<Add library="D:\Boost\lib\libboost_math_tr1f-mgw34-mt-d-1_42.lib" />
					<Add library="D:\Boost\lib\libboost_math_tr1l-mgw34-mt.lib" />
					<Add library="D:\Boost\lib\libboost_math_tr1l-mgw34-mt-1_42.lib" />
					<Add library="D:\Boost\lib\libboost_math_tr1l-mgw34-mt-d.lib" />
					<Add library="D:\Boost\lib\libboost_math_tr1l-mgw34-mt-d-1_42.lib" />
					<Add library="D:\Boost\lib\libboost_math_tr1-mgw34-mt.lib" />
					<Add library="D:\Boost\lib\libboost_math_tr1-mgw34-mt-1_42.lib" />
					<Add library="D:\Boost\lib\libboost_math_tr1-mgw34-mt-d.lib" />
					<Add library="D:\Boost\lib\libboost_math_tr1-mgw34-mt-d-1_42.lib" />
					<Add library="D:\Boost\lib\libboost_prg_exec_monitor-mgw34-mt.lib" />
					<Add library="D:\Boost\lib\libboost_prg_exec_monitor-mgw34-mt-1_42.lib" />
					<Add library="D:\Boost\lib\libboost_prg_exec_monitor-mgw34-mt-d.lib" />
					<Add library="D:\Boost\lib\libboost_prg_exec_monitor-mgw34-mt-d-1_42.lib" />
					<Add library="D:\Boost\lib\libboost_program_options-mgw34-mt.lib" />
					<Add library="D:\Boost\lib\libboost_program_options-mgw34-mt-1_42.lib" />
					<Add library="D:\Boost\lib\libboost_program_options-mgw34-mt-d.lib" />
					<Add library="D:\Boost\lib\libboost_program_options-mgw34-mt-d-1_42.lib" />
					<Add library="D:\Boost\lib\libboost_regex-mgw34-mt.lib" />
					<Add library="D:\Boost\lib\libboost_regex-mgw34-mt-1_42.lib" />
					<Add library="D:\Boost\lib\libboost_regex-mgw34-mt-d.lib" />
					<Add library="D:\Boost\lib\libboost_regex-mgw34-mt-d-1_42.lib" />
					<Add library="D:\Boost\lib\libboost_serialization-mgw34-mt.lib" />
					<Add library="D:\Boost\lib\libboost_serialization-mgw34-mt-1_42.lib" />
					<Add library="D:\Boost\lib\libboost_serialization-mgw34-mt-d.lib" />
					<Add library="D:\Boost\lib\libboost_serialization-mgw34-mt-d-1_42.lib" />
					<Add library="D:\Boost\lib\libboost_signals-mgw34-mt.lib" />
					<Add library="D:\Boost\lib\libboost_signals-mgw34-mt-1_42.lib" />
					<Add library="D:\Boost\lib\libboost_signals-mgw34-mt-d.lib" />
					<Add library="D:\Boost\lib\libboost_signals-mgw34-mt-d-1_42.lib" />
					<Add library="D:\Boost\lib\libboost_system-mgw34-mt.lib" />
					<Add library="D:\Boost\lib\libboost_system-mgw34-mt-1_42.lib" />
					<Add library="D:\Boost\lib\libboost_system-mgw34-mt-d.lib" />
					<Add library="D:\Boost\lib\libboost_system-mgw34-mt-d-1_42.lib" />
					<Add library="D:\Boost\lib\libboost_test_exec_monitor-mgw34-mt.lib" />
					<Add library="D:\Boost\lib\libboost_test_exec_monitor-mgw34-mt-1_42.lib" />
					<Add library="D:\Boost\lib\libboost_test_exec_monitor-mgw34-mt-d.lib" />
					<Add library="D:\Boost\lib\libboost_test_exec_monitor-mgw34-mt-d-1_42.lib" />
					<Add library="D:\Boost\lib\libboost_thread-mgw34-mt.lib" />
					<Add library="D:\Boost\lib\libboost_thread-mgw34-mt-1_42.lib" />
					<Add library="D:\Boost\lib\libboost_thread-mgw34-mt-d.lib" />
					<Add library="D:\Boost\lib\libboost_thread-mgw34-mt-d-1_42.lib" />
					<Add library="D:\Boost\lib\libboost_unit_test_framework-mgw34-mt.lib" />
					<Add library="D:\Boost\lib\libboost_unit_test_framework-mgw34-mt-1_42.lib" />
					<Add library="D:\Boost\lib\libboost_unit_test_framework-mgw34-mt-d.lib" />
					<Add library="D:\Boost\lib\libboost_unit_test_framework-mgw34-mt-d-1_42.lib" />
					<Add library="D:\Boost\lib\libboost_wave-mgw34-mt.lib" />
					<Add library="D:\Boost\lib\libboost_wave-mgw34-mt-1_42.lib" />
					<Add library="D:\Boost\lib\libboost_wave-mgw34-mt-d.lib" />
					<Add library="D:\Boost\lib\libboost_wave-mgw34-mt-d-1_42.lib" />
					<Add library="C:\Testing\conan_combat\lib\libfmodex.a" />
					<Add library="C:\Testing\conan_combat\lib\libfmodexL.a" />
					<Add library="C:\Testing\conan_combat\lib\libfmodexp.a" />
				</Linker>
			</Target>
			<Target title="Release">
				<Option output=".\conan_combat" prefix_auto="1" extension_auto="1" />
				<Option object_output="obj\Release\" />
				<Option type="1" />
				<Option compiler="gcc" />
				<Compiler>
					<Add option="-fexpensive-optimizations" />
					<Add option="-Os" />
					<Add option="-O3" />
				</Compiler>
				<Linker>
					<Add option="-s" />
				</Linker>
			</Target>
		</Build>
		<Compiler>
			<Add option="-Wall" />
			<Add option="-fexceptions" />
		</Compiler>
		<Unit filename="logline.cpp" />
		<Unit filename="logline.h" />
		<Unit filename="main.cpp" />
		<Unit filename="parser.cpp" />
		<Unit filename="parser.h" />
		<Extensions>
			<code_completion />
			<debugger />
		</Extensions>
	</Project>
</CodeBlocks_project_file>
